
Microsoft Visual Studio Solution File, Format Version 12.00
# Visual Studio Version 16
VisualStudioVersion = 16.0.33423.256
MinimumVisualStudioVersion = 10.0.40219.1
Project("{FAE04EC0-301F-11D3-BF4B-00C04F79EFBC}") = "ConsoleApp1", "ConsoleApp1\ConsoleApp1.csproj", "{1789384A-B3E9-4F8B-AA06-51FEBE2074DE}"
EndProject
Global
	GlobalSection(SolutionConfigurationPlatforms) = preSolution
		Debug|Any CPU = Debug|Any CPU
		Release|Any CPU = Release|Any CPU
	EndGlobalSection
	GlobalSection(ProjectConfigurationPlatforms) = postSolution
		{1789384A-B3E9-4F8B-AA06-51FEBE2074DE}.Debug|Any CPU.ActiveCfg = Debug|Any CPU
		{1789384A-B3E9-4F8B-AA06-51FEBE2074DE}.Debug|Any CPU.Build.0 = Debug|Any CPU
		{1789384A-B3E9-4F8B-AA06-51FEBE2074DE}.Release|Any CPU.ActiveCfg = Release|Any CPU
		{1789384A-B3E9-4F8B-AA06-51FEBE2074DE}.Release|Any CPU.Build.0 = Release|Any CPU
	EndGlobalSection
	GlobalSection(SolutionProperties) = preSolution
		HideSolutionNode = FALSE
	EndGlobalSection
	GlobalSection(ExtensibilityGlobals) = postSolution
		SolutionGuid = {18649B66-52F2-4452-8629-F16E6278ED8F}
	EndGlobalSection
EndGlobal
